
Microsoft Visual Studio Solution File, Format Version 12.00
# Visual Studio Version 17
VisualStudioVersion = 17.0.31808.319
MinimumVisualStudioVersion = 10.0.40219.1
Project("{FAE04EC0-301F-11D3-BF4B-00C04F79EFBC}") = "KeyStrokeVisualizer", "KeyStrokeVisualizer\KeyStrokeVisualizer.csproj", "{B1B5E92E-211D-41F9-BFE0-ED2756290588}"
EndProject
Global
	GlobalSection(SolutionConfigurationPlatforms) = preSolution
		Debug|Any CPU = Debug|Any CPU
		Release|Any CPU = Release|Any CPU
	EndGlobalSection
	GlobalSection(ProjectConfigurationPlatforms) = postSolution
		{B1B5E92E-211D-41F9-BFE0-ED2756290588}.Debug|Any CPU.ActiveCfg = Debug|Any CPU
		{B1B5E92E-211D-41F9-BFE0-ED2756290588}.Debug|Any CPU.Build.0 = Debug|Any CPU
		{B1B5E92E-211D-41F9-BFE0-ED2756290588}.Release|Any CPU.ActiveCfg = Release|Any CPU
		{B1B5E92E-211D-41F9-BFE0-ED2756290588}.Release|Any CPU.Build.0 = Release|Any CPU
	EndGlobalSection
	GlobalSection(SolutionProperties) = preSolution
		HideSolutionNode = FALSE
	EndGlobalSection
	GlobalSection(ExtensibilityGlobals) = postSolution
		SolutionGuid = {E922E8AE-A927-4A7E-8B38-7F435F0E8C65}
	EndGlobalSection
EndGlobal
